
Microsoft Visual Studio Solution File, Format Version 12.00
# Visual Studio Version 16
VisualStudioVersion = 16.0.29613.14
MinimumVisualStudioVersion = 10.0.40219.1
Project("{FAE04EC0-301F-11D3-BF4B-00C04F79EFBC}") = "DotNetFrameworkExe", "DotNetFrameworkExe.csproj", "{783C28C7-DCF7-40BE-BE83-8FD47F5C489C}"
EndProject
Global
	GlobalSection(SolutionConfigurationPlatforms) = preSolution
		Debug|Any CPU = Debug|Any CPU
		Debug|x64 = Debug|x64
		Release|Any CPU = Release|Any CPU
		Release|x64 = Release|x64
	EndGlobalSection
	GlobalSection(ProjectConfigurationPlatforms) = postSolution
		{783C28C7-DCF7-40BE-BE83-8FD47F5C489C}.Debug|Any CPU.ActiveCfg = Debug|Any CPU
		{783C28C7-DCF7-40BE-BE83-8FD47F5C489C}.Debug|Any CPU.Build.0 = Debug|Any CPU
		{783C28C7-DCF7-40BE-BE83-8FD47F5C489C}.Debug|x64.ActiveCfg = Debug|x64
		{783C28C7-DCF7-40BE-BE83-8FD47F5C489C}.Debug|x64.Build.0 = Debug|x64
		{783C28C7-DCF7-40BE-BE83-8FD47F5C489C}.Release|Any CPU.ActiveCfg = Release|Any CPU
		{783C28C7-DCF7-40BE-BE83-8FD47F5C489C}.Release|Any CPU.Build.0 = Release|Any CPU
		{783C28C7-DCF7-40BE-BE83-8FD47F5C489C}.Release|x64.ActiveCfg = Release|x64
		{783C28C7-DCF7-40BE-BE83-8FD47F5C489C}.Release|x64.Build.0 = Release|x64
	EndGlobalSection
	GlobalSection(SolutionProperties) = preSolution
		HideSolutionNode = FALSE
	EndGlobalSection
	GlobalSection(ExtensibilityGlobals) = postSolution
		SolutionGuid = {DC17488D-2BD5-4C9F-90CB-8410B6477C5D}
	EndGlobalSection
EndGlobal
